// !$*UTF8*$!
{
	archiveVersion = 1;
	classes = {
	};
	objectVersion = 60;
	objects = {

/* Begin PBXBuildFile section */
		C6168B212CA80D8400A50884 /* SupabaseDemoApp.swift in Sources */ = {isa = PBXBuildFile; fileRef = C6168B202CA80D8400A50884 /* SupabaseDemoApp.swift */; };
		C6168B232CA80D8400A50884 /* ContentView.swift in Sources */ = {isa = PBXBuildFile; fileRef = C6168B222CA80D8400A50884 /* ContentView.swift */; };
		C6168B252CA80D8600A50884 /* Assets.xcassets in Resources */ = {isa = PBXBuildFile; fileRef = C6168B242CA80D8600A50884 /* Assets.xcassets */; };
		C6168B282CA80D8600A50884 /* Preview Assets.xcassets in Resources */ = {isa = PBXBuildFile; fileRef = C6168B272CA80D8600A50884 /* Preview Assets.xcassets */; };
		C6168B312CA80E1500A50884 /* Auth in Frameworks */ = {isa = PBXBuildFile; productRef = C6168B302CA80E1500A50884 /* Auth */; };
		C6168B332CA80E1500A50884 /* Functions in Frameworks */ = {isa = PBXBuildFile; productRef = C6168B322CA80E1500A50884 /* Functions */; };
		C6168B352CA80E1500A50884 /* PostgREST in Frameworks */ = {isa = PBXBuildFile; productRef = C6168B342CA80E1500A50884 /* PostgREST */; };
		C6168B372CA80E1500A50884 /* Realtime in Frameworks */ = {isa = PBXBuildFile; productRef = C6168B362CA80E1500A50884 /* Realtime */; };
		C6168B392CA80E1500A50884 /* Storage in Frameworks */ = {isa = PBXBuildFile; productRef = C6168B382CA80E1500A50884 /* Storage */; };
		C6168B6A2CA97DA700A50884 /* Book.swift in Sources */ = {isa = PBXBuildFile; fileRef = C6168B692CA97DA700A50884 /* Book.swift */; };
		C6168B6E2CA980DB00A50884 /* Author.swift in Sources */ = {isa = PBXBuildFile; fileRef = C6168B6D2CA980DB00A50884 /* Author.swift */; };
		C6168B702CA989DF00A50884 /* Secrets.swift in Sources */ = {isa = PBXBuildFile; fileRef = C6168B6F2CA989DF00A50884 /* Secrets.swift */; };
		C6168B722CA989F400A50884 /* AuthVM.swift in Sources */ = {isa = PBXBuildFile; fileRef = C6168B712CA989F400A50884 /* AuthVM.swift */; };
		C6168B752CA98A0C00A50884 /* Supabase in Frameworks */ = {isa = PBXBuildFile; productRef = C6168B742CA98A0C00A50884 /* Supabase */; };
		C6168B7F2CA9AB5E00A50884 /* BookListView.swift in Sources */ = {isa = PBXBuildFile; fileRef = C6168B7E2CA9AB5E00A50884 /* BookListView.swift */; };
		C6168B812CA9AC3800A50884 /* BookEditView.swift in Sources */ = {isa = PBXBuildFile; fileRef = C6168B802CA9AC3800A50884 /* BookEditView.swift */; };
		C6168B832CA9B0D900A50884 /* AuthorsListView.swift in Sources */ = {isa = PBXBuildFile; fileRef = C6168B822CA9B0D900A50884 /* AuthorsListView.swift */; };
		C6168B852CA9B1A400A50884 /* AuthorEditView.swift in Sources */ = {isa = PBXBuildFile; fileRef = C6168B842CA9B1A400A50884 /* AuthorEditView.swift */; };
		C6168B882CAC653400A50884 /* AuthView.swift in Sources */ = {isa = PBXBuildFile; fileRef = C6168B872CAC653400A50884 /* AuthView.swift */; };
		C6168B902CAEBB8000A50884 /* SwiftyJSON in Frameworks */ = {isa = PBXBuildFile; productRef = C6168B8F2CAEBB8000A50884 /* SwiftyJSON */; };
		C6168B922CB004E200A50884 /* Model protocol.swift in Sources */ = {isa = PBXBuildFile; fileRef = C6168B912CB004E200A50884 /* Model protocol.swift */; };
		C6168B942CB018AA00A50884 /* ObservedResults.swift in Sources */ = {isa = PBXBuildFile; fileRef = C6168B932CB018AA00A50884 /* ObservedResults.swift */; };
		C6168B972CB0213500A50884 /* HelpersLibrary in Frameworks */ = {isa = PBXBuildFile; productRef = C6168B962CB0213500A50884 /* HelpersLibrary */; };
		C6168B992CB148A200A50884 /* SubscriptionBroadcast.swift in Sources */ = {isa = PBXBuildFile; fileRef = C6168B982CB148A200A50884 /* SubscriptionBroadcast.swift */; };
		C6168B9D2CB1894F00A50884 /* Country.swift in Sources */ = {isa = PBXBuildFile; fileRef = C6168B9C2CB1894F00A50884 /* Country.swift */; };
		C6168B9F2CB189F500A50884 /* CountriesListView.swift in Sources */ = {isa = PBXBuildFile; fileRef = C6168B9E2CB189F500A50884 /* CountriesListView.swift */; };
		C6168BA12CB196A100A50884 /* CountryEditView.swift in Sources */ = {isa = PBXBuildFile; fileRef = C6168BA02CB196A100A50884 /* CountryEditView.swift */; };
		C6168BAD2CB2C8E600A50884 /* MyMacro in Frameworks */ = {isa = PBXBuildFile; productRef = C6168BAC2CB2C8E600A50884 /* MyMacro */; };
/* End PBXBuildFile section */

/* Begin PBXFileReference section */
		C6168B1D2CA80D8400A50884 /* SupabaseDemo.app */ = {isa = PBXFileReference; explicitFileType = wrapper.application; includeInIndex = 0; path = SupabaseDemo.app; sourceTree = BUILT_PRODUCTS_DIR; };
		C6168B202CA80D8400A50884 /* SupabaseDemoApp.swift */ = {isa = PBXFileReference; lastKnownFileType = sourcecode.swift; path = SupabaseDemoApp.swift; sourceTree = "<group>"; };
		C6168B222CA80D8400A50884 /* ContentView.swift */ = {isa = PBXFileReference; lastKnownFileType = sourcecode.swift; path = ContentView.swift; sourceTree = "<group>"; };
		C6168B242CA80D8600A50884 /* Assets.xcassets */ = {isa = PBXFileReference; lastKnownFileType = folder.assetcatalog; path = Assets.xcassets; sourceTree = "<group>"; };
		C6168B272CA80D8600A50884 /* Preview Assets.xcassets */ = {isa = PBXFileReference; lastKnownFileType = folder.assetcatalog; path = "Preview Assets.xcassets"; sourceTree = "<group>"; };
		C6168B292CA80D8600A50884 /* SupabaseDemo.entitlements */ = {isa = PBXFileReference; lastKnownFileType = text.plist.entitlements; path = SupabaseDemo.entitlements; sourceTree = "<group>"; };
		C6168B692CA97DA700A50884 /* Book.swift */ = {isa = PBXFileReference; lastKnownFileType = sourcecode.swift; path = Book.swift; sourceTree = "<group>"; };
		C6168B6D2CA980DB00A50884 /* Author.swift */ = {isa = PBXFileReference; fileEncoding = 4; lastKnownFileType = sourcecode.swift; path = Author.swift; sourceTree = "<group>"; };
		C6168B6F2CA989DF00A50884 /* Secrets.swift */ = {isa = PBXFileReference; fileEncoding = 4; lastKnownFileType = sourcecode.swift; path = Secrets.swift; sourceTree = "<group>"; };
		C6168B712CA989F400A50884 /* AuthVM.swift */ = {isa = PBXFileReference; fileEncoding = 4; lastKnownFileType = sourcecode.swift; path = AuthVM.swift; sourceTree = "<group>"; };
		C6168B762CA98B7B00A50884 /* BookVM.swift */ = {isa = PBXFileReference; fileEncoding = 4; lastKnownFileType = sourcecode.swift; path = BookVM.swift; sourceTree = "<group>"; };
		C6168B782CA9A41B00A50884 /* BooksVM.swift */ = {isa = PBXFileReference; fileEncoding = 4; lastKnownFileType = sourcecode.swift; path = BooksVM.swift; sourceTree = "<group>"; };
		C6168B7A2CA9A90200A50884 /* AuthorsVM.swift */ = {isa = PBXFileReference; fileEncoding = 4; lastKnownFileType = sourcecode.swift; path = AuthorsVM.swift; sourceTree = "<group>"; };
		C6168B7C2CA9A9BC00A50884 /* AuthorVM.swift */ = {isa = PBXFileReference; fileEncoding = 4; lastKnownFileType = sourcecode.swift; path = AuthorVM.swift; sourceTree = "<group>"; };
		C6168B7E2CA9AB5E00A50884 /* BookListView.swift */ = {isa = PBXFileReference; fileEncoding = 4; lastKnownFileType = sourcecode.swift; path = BookListView.swift; sourceTree = "<group>"; };
		C6168B802CA9AC3800A50884 /* BookEditView.swift */ = {isa = PBXFileReference; fileEncoding = 4; lastKnownFileType = sourcecode.swift; path = BookEditView.swift; sourceTree = "<group>"; };
		C6168B822CA9B0D900A50884 /* AuthorsListView.swift */ = {isa = PBXFileReference; fileEncoding = 4; lastKnownFileType = sourcecode.swift; path = AuthorsListView.swift; sourceTree = "<group>"; };
		C6168B842CA9B1A400A50884 /* AuthorEditView.swift */ = {isa = PBXFileReference; fileEncoding = 4; lastKnownFileType = sourcecode.swift; path = AuthorEditView.swift; sourceTree = "<group>"; };
		C6168B872CAC653400A50884 /* AuthView.swift */ = {isa = PBXFileReference; lastKnownFileType = sourcecode.swift; path = AuthView.swift; sourceTree = "<group>"; };
		C6168B8C2CAEB9C500A50884 /* SubscriptionManager.swift */ = {isa = PBXFileReference; fileEncoding = 4; lastKnownFileType = sourcecode.swift; name = SubscriptionManager.swift; path = SupabaseDemo/old/SubscriptionManager.swift; sourceTree = SOURCE_ROOT; };
		C6168B912CB004E200A50884 /* Model protocol.swift */ = {isa = PBXFileReference; lastKnownFileType = sourcecode.swift; path = "Model protocol.swift"; sourceTree = "<group>"; };
		C6168B932CB018AA00A50884 /* ObservedResults.swift */ = {isa = PBXFileReference; lastKnownFileType = sourcecode.swift; path = ObservedResults.swift; sourceTree = "<group>"; };
		C6168B982CB148A200A50884 /* SubscriptionBroadcast.swift */ = {isa = PBXFileReference; fileEncoding = 4; lastKnownFileType = sourcecode.swift; path = SubscriptionBroadcast.swift; sourceTree = "<group>"; };
		C6168B9C2CB1894F00A50884 /* Country.swift */ = {isa = PBXFileReference; fileEncoding = 4; lastKnownFileType = sourcecode.swift; path = Country.swift; sourceTree = "<group>"; };
		C6168B9E2CB189F500A50884 /* CountriesListView.swift */ = {isa = PBXFileReference; fileEncoding = 4; lastKnownFileType = sourcecode.swift; path = CountriesListView.swift; sourceTree = "<group>"; };
		C6168BA02CB196A100A50884 /* CountryEditView.swift */ = {isa = PBXFileReference; fileEncoding = 4; lastKnownFileType = sourcecode.swift; path = CountryEditView.swift; sourceTree = "<group>"; };
/* End PBXFileReference section */

/* Begin PBXFrameworksBuildPhase section */
		C6168B1A2CA80D8400A50884 /* Frameworks */ = {
			isa = PBXFrameworksBuildPhase;
			buildActionMask = 2147483647;
			files = (
				C6168B352CA80E1500A50884 /* PostgREST in Frameworks */,
				C6168B902CAEBB8000A50884 /* SwiftyJSON in Frameworks */,
				C6168B332CA80E1500A50884 /* Functions in Frameworks */,
				C6168B752CA98A0C00A50884 /* Supabase in Frameworks */,
				C6168B312CA80E1500A50884 /* Auth in Frameworks */,
				C6168B392CA80E1500A50884 /* Storage in Frameworks */,
				C6168BAD2CB2C8E600A50884 /* MyMacro in Frameworks */,
				C6168B972CB0213500A50884 /* HelpersLibrary in Frameworks */,
				C6168B372CA80E1500A50884 /* Realtime in Frameworks */,
			);
			runOnlyForDeploymentPostprocessing = 0;
		};
/* End PBXFrameworksBuildPhase section */

/* Begin PBXGroup section */
		C6168B142CA80D8400A50884 = {
			isa = PBXGroup;
			children = (
				C6168B1F2CA80D8400A50884 /* SupabaseDemo */,
				C6168B1E2CA80D8400A50884 /* Products */,
				C6168B732CA98A0C00A50884 /* Frameworks */,
			);
			sourceTree = "<group>";
		};
		C6168B1E2CA80D8400A50884 /* Products */ = {
			isa = PBXGroup;
			children = (
				C6168B1D2CA80D8400A50884 /* SupabaseDemo.app */,
			);
			name = Products;
			sourceTree = "<group>";
		};
		C6168B1F2CA80D8400A50884 /* SupabaseDemo */ = {
			isa = PBXGroup;
			children = (
				C6168B202CA80D8400A50884 /* SupabaseDemoApp.swift */,
				C6168B8B2CAEB97900A50884 /* Supasbase */,
				C6168B672CA97D8500A50884 /* Model */,
				C6168B662CA97D7E00A50884 /* Views */,
				C6168B862CAC2E0700A50884 /* old */,
				C6168B242CA80D8600A50884 /* Assets.xcassets */,
				C6168B292CA80D8600A50884 /* SupabaseDemo.entitlements */,
				C6168B262CA80D8600A50884 /* Preview Content */,
			);
			path = SupabaseDemo;
			sourceTree = "<group>";
		};
		C6168B262CA80D8600A50884 /* Preview Content */ = {
			isa = PBXGroup;
			children = (
				C6168B272CA80D8600A50884 /* Preview Assets.xcassets */,
			);
			path = "Preview Content";
			sourceTree = "<group>";
		};
		C6168B662CA97D7E00A50884 /* Views */ = {
			isa = PBXGroup;
			children = (
				C6168B222CA80D8400A50884 /* ContentView.swift */,
				C6168B7E2CA9AB5E00A50884 /* BookListView.swift */,
				C6168B802CA9AC3800A50884 /* BookEditView.swift */,
				C6168B822CA9B0D900A50884 /* AuthorsListView.swift */,
				C6168B842CA9B1A400A50884 /* AuthorEditView.swift */,
				C6168B9E2CB189F500A50884 /* CountriesListView.swift */,
				C6168BA02CB196A100A50884 /* CountryEditView.swift */,
			);
			path = Views;
			sourceTree = "<group>";
		};
		C6168B672CA97D8500A50884 /* Model */ = {
			isa = PBXGroup;
			children = (
				C6168B912CB004E200A50884 /* Model protocol.swift */,
				C6168B932CB018AA00A50884 /* ObservedResults.swift */,
				C6168B692CA97DA700A50884 /* Book.swift */,
				C6168B6D2CA980DB00A50884 /* Author.swift */,
				C6168B9C2CB1894F00A50884 /* Country.swift */,
			);
			path = Model;
			sourceTree = "<group>";
		};
		C6168B732CA98A0C00A50884 /* Frameworks */ = {
			isa = PBXGroup;
			children = (
			);
			name = Frameworks;
			sourceTree = "<group>";
		};
		C6168B862CAC2E0700A50884 /* old */ = {
			isa = PBXGroup;
			children = (
				C6168B8C2CAEB9C500A50884 /* SubscriptionManager.swift */,
				C6168B782CA9A41B00A50884 /* BooksVM.swift */,
				C6168B7A2CA9A90200A50884 /* AuthorsVM.swift */,
				C6168B762CA98B7B00A50884 /* BookVM.swift */,
				C6168B7C2CA9A9BC00A50884 /* AuthorVM.swift */,
			);
			path = old;
			sourceTree = "<group>";
		};
		C6168B8B2CAEB97900A50884 /* Supasbase */ = {
			isa = PBXGroup;
			children = (
				C6168B6F2CA989DF00A50884 /* Secrets.swift */,
				C6168B712CA989F400A50884 /* AuthVM.swift */,
				C6168B872CAC653400A50884 /* AuthView.swift */,
				C6168B982CB148A200A50884 /* SubscriptionBroadcast.swift */,
			);
			path = Supasbase;
			sourceTree = "<group>";
		};
/* End PBXGroup section */

/* Begin PBXNativeTarget section */
		C6168B1C2CA80D8400A50884 /* SupabaseDemo */ = {
			isa = PBXNativeTarget;
			buildConfigurationList = C6168B2C2CA80D8600A50884 /* Build configuration list for PBXNativeTarget "SupabaseDemo" */;
			buildPhases = (
				C6168B192CA80D8400A50884 /* Sources */,
				C6168B1A2CA80D8400A50884 /* Frameworks */,
				C6168B1B2CA80D8400A50884 /* Resources */,
			);
			buildRules = (
			);
			dependencies = (
			);
			name = SupabaseDemo;
			packageProductDependencies = (
				C6168B302CA80E1500A50884 /* Auth */,
				C6168B322CA80E1500A50884 /* Functions */,
				C6168B342CA80E1500A50884 /* PostgREST */,
				C6168B362CA80E1500A50884 /* Realtime */,
				C6168B382CA80E1500A50884 /* Storage */,
				C6168B742CA98A0C00A50884 /* Supabase */,
				C6168B8F2CAEBB8000A50884 /* SwiftyJSON */,
				C6168B962CB0213500A50884 /* HelpersLibrary */,
				C6168BAC2CB2C8E600A50884 /* MyMacro */,
			);
			productName = SupabaseDemo;
			productReference = C6168B1D2CA80D8400A50884 /* SupabaseDemo.app */;
			productType = "com.apple.product-type.application";
		};
/* End PBXNativeTarget section */

/* Begin PBXProject section */
		C6168B152CA80D8400A50884 /* Project object */ = {
			isa = PBXProject;
			attributes = {
				BuildIndependentTargetsInParallel = 1;
				LastSwiftUpdateCheck = 1540;
				LastUpgradeCheck = 1540;
				TargetAttributes = {
					C6168B1C2CA80D8400A50884 = {
						CreatedOnToolsVersion = 15.4;
					};
				};
			};
			buildConfigurationList = C6168B182CA80D8400A50884 /* Build configuration list for PBXProject "SupabaseDemo" */;
			compatibilityVersion = "Xcode 14.0";
			developmentRegion = en;
			hasScannedForEncodings = 0;
			knownRegions = (
				en,
				Base,
			);
			mainGroup = C6168B142CA80D8400A50884;
			packageReferences = (
				C6168B2F2CA80E1500A50884 /* XCRemoteSwiftPackageReference "supabase-swift" */,
				C6168B8E2CAEBB8000A50884 /* XCRemoteSwiftPackageReference "SwiftyJSON" */,
				C6168B952CB0213500A50884 /* XCRemoteSwiftPackageReference "HelpersLibrary" */,
				C6168BAB2CB2C8E600A50884 /* XCLocalSwiftPackageReference "../MyMacro" */,
			);
			productRefGroup = C6168B1E2CA80D8400A50884 /* Products */;
			projectDirPath = "";
			projectRoot = "";
			targets = (
				C6168B1C2CA80D8400A50884 /* SupabaseDemo */,
			);
		};
/* End PBXProject section */

/* Begin PBXResourcesBuildPhase section */
		C6168B1B2CA80D8400A50884 /* Resources */ = {
			isa = PBXResourcesBuildPhase;
			buildActionMask = 2147483647;
			files = (
				C6168B282CA80D8600A50884 /* Preview Assets.xcassets in Resources */,
				C6168B252CA80D8600A50884 /* Assets.xcassets in Resources */,
			);
			runOnlyForDeploymentPostprocessing = 0;
		};
/* End PBXResourcesBuildPhase section */

/* Begin PBXSourcesBuildPhase section */
		C6168B192CA80D8400A50884 /* Sources */ = {
			isa = PBXSourcesBuildPhase;
			buildActionMask = 2147483647;
			files = (
				C6168B232CA80D8400A50884 /* ContentView.swift in Sources */,
				C6168B852CA9B1A400A50884 /* AuthorEditView.swift in Sources */,
				C6168B702CA989DF00A50884 /* Secrets.swift in Sources */,
				C6168B882CAC653400A50884 /* AuthView.swift in Sources */,
				C6168B922CB004E200A50884 /* Model protocol.swift in Sources */,
				C6168B9F2CB189F500A50884 /* CountriesListView.swift in Sources */,
				C6168B212CA80D8400A50884 /* SupabaseDemoApp.swift in Sources */,
				C6168B992CB148A200A50884 /* SubscriptionBroadcast.swift in Sources */,
				C6168B832CA9B0D900A50884 /* AuthorsListView.swift in Sources */,
				C6168B6E2CA980DB00A50884 /* Author.swift in Sources */,
				C6168B812CA9AC3800A50884 /* BookEditView.swift in Sources */,
				C6168B722CA989F400A50884 /* AuthVM.swift in Sources */,
				C6168BA12CB196A100A50884 /* CountryEditView.swift in Sources */,
				C6168B6A2CA97DA700A50884 /* Book.swift in Sources */,
				C6168B942CB018AA00A50884 /* ObservedResults.swift in Sources */,
				C6168B9D2CB1894F00A50884 /* Country.swift in Sources */,
				C6168B7F2CA9AB5E00A50884 /* BookListView.swift in Sources */,
			);
			runOnlyForDeploymentPostprocessing = 0;
		};
/* End PBXSourcesBuildPhase section */

/* Begin XCBuildConfiguration section */
		C6168B2A2CA80D8600A50884 /* Debug */ = {
			isa = XCBuildConfiguration;
			buildSettings = {
				ALWAYS_SEARCH_USER_PATHS = NO;
				ASSETCATALOG_COMPILER_GENERATE_SWIFT_ASSET_SYMBOL_EXTENSIONS = YES;
				CLANG_ANALYZER_NONNULL = YES;
				CLANG_ANALYZER_NUMBER_OBJECT_CONVERSION = YES_AGGRESSIVE;
				CLANG_CXX_LANGUAGE_STANDARD = "gnu++20";
				CLANG_ENABLE_MODULES = YES;
				CLANG_ENABLE_OBJC_ARC = YES;
				CLANG_ENABLE_OBJC_WEAK = YES;
				CLANG_WARN_BLOCK_CAPTURE_AUTORELEASING = YES;
				CLANG_WARN_BOOL_CONVERSION = YES;
				CLANG_WARN_COMMA = YES;
				CLANG_WARN_CONSTANT_CONVERSION = YES;
				CLANG_WARN_DEPRECATED_OBJC_IMPLEMENTATIONS = YES;
				CLANG_WARN_DIRECT_OBJC_ISA_USAGE = YES_ERROR;
				CLANG_WARN_DOCUMENTATION_COMMENTS = YES;
				CLANG_WARN_EMPTY_BODY = YES;
				CLANG_WARN_ENUM_CONVERSION = YES;
				CLANG_WARN_INFINITE_RECURSION = YES;
				CLANG_WARN_INT_CONVERSION = YES;
				CLANG_WARN_NON_LITERAL_NULL_CONVERSION = YES;
				CLANG_WARN_OBJC_IMPLICIT_RETAIN_SELF = YES;
				CLANG_WARN_OBJC_LITERAL_CONVERSION = YES;
				CLANG_WARN_OBJC_ROOT_CLASS = YES_ERROR;
				CLANG_WARN_QUOTED_INCLUDE_IN_FRAMEWORK_HEADER = YES;
				CLANG_WARN_RANGE_LOOP_ANALYSIS = YES;
				CLANG_WARN_STRICT_PROTOTYPES = YES;
				CLANG_WARN_SUSPICIOUS_MOVE = YES;
				CLANG_WARN_UNGUARDED_AVAILABILITY = YES_AGGRESSIVE;
				CLANG_WARN_UNREACHABLE_CODE = YES;
				CLANG_WARN__DUPLICATE_METHOD_MATCH = YES;
				COPY_PHASE_STRIP = NO;
				DEBUG_INFORMATION_FORMAT = dwarf;
				ENABLE_STRICT_OBJC_MSGSEND = YES;
				ENABLE_TESTABILITY = YES;
				ENABLE_USER_SCRIPT_SANDBOXING = YES;
				GCC_C_LANGUAGE_STANDARD = gnu17;
				GCC_DYNAMIC_NO_PIC = NO;
				GCC_NO_COMMON_BLOCKS = YES;
				GCC_OPTIMIZATION_LEVEL = 0;
				GCC_PREPROCESSOR_DEFINITIONS = (
					"DEBUG=1",
					"$(inherited)",
				);
				GCC_WARN_64_TO_32_BIT_CONVERSION = YES;
				GCC_WARN_ABOUT_RETURN_TYPE = YES_ERROR;
				GCC_WARN_UNDECLARED_SELECTOR = YES;
				GCC_WARN_UNINITIALIZED_AUTOS = YES_AGGRESSIVE;
				GCC_WARN_UNUSED_FUNCTION = YES;
				GCC_WARN_UNUSED_VARIABLE = YES;
				LOCALIZATION_PREFERS_STRING_CATALOGS = YES;
				MACOSX_DEPLOYMENT_TARGET = 14.5;
				MTL_ENABLE_DEBUG_INFO = INCLUDE_SOURCE;
				MTL_FAST_MATH = YES;
				ONLY_ACTIVE_ARCH = YES;
				SDKROOT = macosx;
				SWIFT_ACTIVE_COMPILATION_CONDITIONS = "DEBUG $(inherited)";
				SWIFT_OPTIMIZATION_LEVEL = "-Onone";
			};
			name = Debug;
		};
		C6168B2B2CA80D8600A50884 /* Release */ = {
			isa = XCBuildConfiguration;
			buildSettings = {
				ALWAYS_SEARCH_USER_PATHS = NO;
				ASSETCATALOG_COMPILER_GENERATE_SWIFT_ASSET_SYMBOL_EXTENSIONS = YES;
				CLANG_ANALYZER_NONNULL = YES;
				CLANG_ANALYZER_NUMBER_OBJECT_CONVERSION = YES_AGGRESSIVE;
				CLANG_CXX_LANGUAGE_STANDARD = "gnu++20";
				CLANG_ENABLE_MODULES = YES;
				CLANG_ENABLE_OBJC_ARC = YES;
				CLANG_ENABLE_OBJC_WEAK = YES;
				CLANG_WARN_BLOCK_CAPTURE_AUTORELEASING = YES;
				CLANG_WARN_BOOL_CONVERSION = YES;
				CLANG_WARN_COMMA = YES;
				CLANG_WARN_CONSTANT_CONVERSION = YES;
				CLANG_WARN_DEPRECATED_OBJC_IMPLEMENTATIONS = YES;
				CLANG_WARN_DIRECT_OBJC_ISA_USAGE = YES_ERROR;
				CLANG_WARN_DOCUMENTATION_COMMENTS = YES;
				CLANG_WARN_EMPTY_BODY = YES;
				CLANG_WARN_ENUM_CONVERSION = YES;
				CLANG_WARN_INFINITE_RECURSION = YES;
				CLANG_WARN_INT_CONVERSION = YES;
				CLANG_WARN_NON_LITERAL_NULL_CONVERSION = YES;
				CLANG_WARN_OBJC_IMPLICIT_RETAIN_SELF = YES;
				CLANG_WARN_OBJC_LITERAL_CONVERSION = YES;
				CLANG_WARN_OBJC_ROOT_CLASS = YES_ERROR;
				CLANG_WARN_QUOTED_INCLUDE_IN_FRAMEWORK_HEADER = YES;
				CLANG_WARN_RANGE_LOOP_ANALYSIS = YES;
				CLANG_WARN_STRICT_PROTOTYPES = YES;
				CLANG_WARN_SUSPICIOUS_MOVE = YES;
				CLANG_WARN_UNGUARDED_AVAILABILITY = YES_AGGRESSIVE;
				CLANG_WARN_UNREACHABLE_CODE = YES;
				CLANG_WARN__DUPLICATE_METHOD_MATCH = YES;
				COPY_PHASE_STRIP = NO;
				DEBUG_INFORMATION_FORMAT = "dwarf-with-dsym";
				ENABLE_NS_ASSERTIONS = NO;
				ENABLE_STRICT_OBJC_MSGSEND = YES;
				ENABLE_USER_SCRIPT_SANDBOXING = YES;
				GCC_C_LANGUAGE_STANDARD = gnu17;
				GCC_NO_COMMON_BLOCKS = YES;
				GCC_WARN_64_TO_32_BIT_CONVERSION = YES;
				GCC_WARN_ABOUT_RETURN_TYPE = YES_ERROR;
				GCC_WARN_UNDECLARED_SELECTOR = YES;
				GCC_WARN_UNINITIALIZED_AUTOS = YES_AGGRESSIVE;
				GCC_WARN_UNUSED_FUNCTION = YES;
				GCC_WARN_UNUSED_VARIABLE = YES;
				LOCALIZATION_PREFERS_STRING_CATALOGS = YES;
				MACOSX_DEPLOYMENT_TARGET = 14.5;
				MTL_ENABLE_DEBUG_INFO = NO;
				MTL_FAST_MATH = YES;
				SDKROOT = macosx;
				SWIFT_COMPILATION_MODE = wholemodule;
			};
			name = Release;
		};
		C6168B2D2CA80D8600A50884 /* Debug */ = {
			isa = XCBuildConfiguration;
			buildSettings = {
				ASSETCATALOG_COMPILER_APPICON_NAME = AppIcon;
				ASSETCATALOG_COMPILER_GLOBAL_ACCENT_COLOR_NAME = AccentColor;
				CODE_SIGN_ENTITLEMENTS = SupabaseDemo/SupabaseDemo.entitlements;
				CODE_SIGN_STYLE = Automatic;
				COMBINE_HIDPI_IMAGES = YES;
				CURRENT_PROJECT_VERSION = 1;
				DEVELOPMENT_ASSET_PATHS = "\"SupabaseDemo/Preview Content\"";
				DEVELOPMENT_TEAM = TFWZ5CV5G4;
				ENABLE_HARDENED_RUNTIME = YES;
				ENABLE_PREVIEWS = YES;
				GENERATE_INFOPLIST_FILE = YES;
				INFOPLIST_KEY_NSHumanReadableCopyright = "";
				LD_RUNPATH_SEARCH_PATHS = (
					"$(inherited)",
					"@executable_path/../Frameworks",
				);
				MARKETING_VERSION = 1.0;
				PRODUCT_BUNDLE_IDENTIFIER = de.rohrers.SupabaseDemo;
				PRODUCT_NAME = "$(TARGET_NAME)";
				SWIFT_EMIT_LOC_STRINGS = YES;
				SWIFT_VERSION = 5.0;
			};
			name = Debug;
		};
		C6168B2E2CA80D8600A50884 /* Release */ = {
			isa = XCBuildConfiguration;
			buildSettings = {
				ASSETCATALOG_COMPILER_APPICON_NAME = AppIcon;
				ASSETCATALOG_COMPILER_GLOBAL_ACCENT_COLOR_NAME = AccentColor;
				CODE_SIGN_ENTITLEMENTS = SupabaseDemo/SupabaseDemo.entitlements;
				CODE_SIGN_STYLE = Automatic;
				COMBINE_HIDPI_IMAGES = YES;
				CURRENT_PROJECT_VERSION = 1;
				DEVELOPMENT_ASSET_PATHS = "\"SupabaseDemo/Preview Content\"";
				DEVELOPMENT_TEAM = TFWZ5CV5G4;
				ENABLE_HARDENED_RUNTIME = YES;
				ENABLE_PREVIEWS = YES;
				GENERATE_INFOPLIST_FILE = YES;
				INFOPLIST_KEY_NSHumanReadableCopyright = "";
				LD_RUNPATH_SEARCH_PATHS = (
					"$(inherited)",
					"@executable_path/../Frameworks",
				);
				MARKETING_VERSION = 1.0;
				PRODUCT_BUNDLE_IDENTIFIER = de.rohrers.SupabaseDemo;
				PRODUCT_NAME = "$(TARGET_NAME)";
				SWIFT_EMIT_LOC_STRINGS = YES;
				SWIFT_VERSION = 5.0;
			};
			name = Release;
		};
/* End XCBuildConfiguration section */

/* Begin XCConfigurationList section */
		C6168B182CA80D8400A50884 /* Build configuration list for PBXProject "SupabaseDemo" */ = {
			isa = XCConfigurationList;
			buildConfigurations = (
				C6168B2A2CA80D8600A50884 /* Debug */,
				C6168B2B2CA80D8600A50884 /* Release */,
			);
			defaultConfigurationIsVisible = 0;
			defaultConfigurationName = Release;
		};
		C6168B2C2CA80D8600A50884 /* Build configuration list for PBXNativeTarget "SupabaseDemo" */ = {
			isa = XCConfigurationList;
			buildConfigurations = (
				C6168B2D2CA80D8600A50884 /* Debug */,
				C6168B2E2CA80D8600A50884 /* Release */,
			);
			defaultConfigurationIsVisible = 0;
			defaultConfigurationName = Release;
		};
/* End XCConfigurationList section */

/* Begin XCLocalSwiftPackageReference section */
		C6168BAB2CB2C8E600A50884 /* XCLocalSwiftPackageReference "../MyMacro" */ = {
			isa = XCLocalSwiftPackageReference;
			relativePath = ../MyMacro;
		};
/* End XCLocalSwiftPackageReference section */

/* Begin XCRemoteSwiftPackageReference section */
		C6168B2F2CA80E1500A50884 /* XCRemoteSwiftPackageReference "supabase-swift" */ = {
			isa = XCRemoteSwiftPackageReference;
			repositoryURL = "https://github.com/supabase/supabase-swift.git";
			requirement = {
				kind = upToNextMajorVersion;
				minimumVersion = 2.5.1;
			};
		};
		C6168B8E2CAEBB8000A50884 /* XCRemoteSwiftPackageReference "SwiftyJSON" */ = {
			isa = XCRemoteSwiftPackageReference;
			repositoryURL = "https://github.com/SwiftyJSON/SwiftyJSON";
			requirement = {
				kind = upToNextMajorVersion;
				minimumVersion = 5.0.2;
			};
		};
		C6168B952CB0213500A50884 /* XCRemoteSwiftPackageReference "HelpersLibrary" */ = {
			isa = XCRemoteSwiftPackageReference;
			repositoryURL = "https://github.com/chrisrohrer/HelpersLibrary";
			requirement = {
				kind = upToNextMajorVersion;
				minimumVersion = 1.0.0;
			};
		};
/* End XCRemoteSwiftPackageReference section */

/* Begin XCSwiftPackageProductDependency section */
		C6168B302CA80E1500A50884 /* Auth */ = {
			isa = XCSwiftPackageProductDependency;
			package = C6168B2F2CA80E1500A50884 /* XCRemoteSwiftPackageReference "supabase-swift" */;
			productName = Auth;
		};
		C6168B322CA80E1500A50884 /* Functions */ = {
			isa = XCSwiftPackageProductDependency;
			package = C6168B2F2CA80E1500A50884 /* XCRemoteSwiftPackageReference "supabase-swift" */;
			productName = Functions;
		};
		C6168B342CA80E1500A50884 /* PostgREST */ = {
			isa = XCSwiftPackageProductDependency;
			package = C6168B2F2CA80E1500A50884 /* XCRemoteSwiftPackageReference "supabase-swift" */;
			productName = PostgREST;
		};
		C6168B362CA80E1500A50884 /* Realtime */ = {
			isa = XCSwiftPackageProductDependency;
			package = C6168B2F2CA80E1500A50884 /* XCRemoteSwiftPackageReference "supabase-swift" */;
			productName = Realtime;
		};
		C6168B382CA80E1500A50884 /* Storage */ = {
			isa = XCSwiftPackageProductDependency;
			package = C6168B2F2CA80E1500A50884 /* XCRemoteSwiftPackageReference "supabase-swift" */;
			productName = Storage;
		};
		C6168B742CA98A0C00A50884 /* Supabase */ = {
			isa = XCSwiftPackageProductDependency;
			package = C6168B2F2CA80E1500A50884 /* XCRemoteSwiftPackageReference "supabase-swift" */;
			productName = Supabase;
		};
		C6168B8F2CAEBB8000A50884 /* SwiftyJSON */ = {
			isa = XCSwiftPackageProductDependency;
			package = C6168B8E2CAEBB8000A50884 /* XCRemoteSwiftPackageReference "SwiftyJSON" */;
			productName = SwiftyJSON;
		};
		C6168B962CB0213500A50884 /* HelpersLibrary */ = {
			isa = XCSwiftPackageProductDependency;
			package = C6168B952CB0213500A50884 /* XCRemoteSwiftPackageReference "HelpersLibrary" */;
			productName = HelpersLibrary;
		};
		C6168BAC2CB2C8E600A50884 /* MyMacro */ = {
			isa = XCSwiftPackageProductDependency;
			productName = MyMacro;
		};
/* End XCSwiftPackageProductDependency section */
	};
	rootObject = C6168B152CA80D8400A50884 /* Project object */;
}
